// !$*UTF8*$!
{
	archiveVersion = 1;
	classes = {
	};
	objectVersion = 56;
	objects = {

/* Begin PBXBuildFile section */
		AF54ACA028E88D87005275D4 /* AppDelegate.swift in Sources */ = {isa = PBXBuildFile; fileRef = AF54AC9F28E88D87005275D4 /* AppDelegate.swift */; };
		AF54ACA228E88D87005275D4 /* SceneDelegate.swift in Sources */ = {isa = PBXBuildFile; fileRef = AF54ACA128E88D87005275D4 /* SceneDelegate.swift */; };
		AF54ACA428E88D87005275D4 /* ViewController.swift in Sources */ = {isa = PBXBuildFile; fileRef = AF54ACA328E88D87005275D4 /* ViewController.swift */; };
		AF54ACA728E88D87005275D4 /* Main.storyboard in Resources */ = {isa = PBXBuildFile; fileRef = AF54ACA528E88D87005275D4 /* Main.storyboard */; };
		AF54ACA928E88D88005275D4 /* Assets.xcassets in Resources */ = {isa = PBXBuildFile; fileRef = AF54ACA828E88D88005275D4 /* Assets.xcassets */; };
		AF54ACAC28E88D88005275D4 /* LaunchScreen.storyboard in Resources */ = {isa = PBXBuildFile; fileRef = AF54ACAA28E88D88005275D4 /* LaunchScreen.storyboard */; };
		AF54ACB728E88D88005275D4 /* assignment5_attraction_UITableViewTests.swift in Sources */ = {isa = PBXBuildFile; fileRef = AF54ACB628E88D88005275D4 /* assignment5_attraction_UITableViewTests.swift */; };
		AF54ACC128E88D88005275D4 /* assignment5_attraction_UITableViewUITests.swift in Sources */ = {isa = PBXBuildFile; fileRef = AF54ACC028E88D88005275D4 /* assignment5_attraction_UITableViewUITests.swift */; };
		AF54ACC328E88D88005275D4 /* assignment5_attraction_UITableViewUITestsLaunchTests.swift in Sources */ = {isa = PBXBuildFile; fileRef = AF54ACC228E88D88005275D4 /* assignment5_attraction_UITableViewUITestsLaunchTests.swift */; };
/* End PBXBuildFile section */

/* Begin PBXContainerItemProxy section */
		AF54ACB328E88D88005275D4 /* PBXContainerItemProxy */ = {
			isa = PBXContainerItemProxy;
			containerPortal = AF54AC9428E88D87005275D4 /* Project object */;
			proxyType = 1;
			remoteGlobalIDString = AF54AC9B28E88D87005275D4;
			remoteInfo = "assignment5-attraction-UITableView";
		};
		AF54ACBD28E88D88005275D4 /* PBXContainerItemProxy */ = {
			isa = PBXContainerItemProxy;
			containerPortal = AF54AC9428E88D87005275D4 /* Project object */;
			proxyType = 1;
			remoteGlobalIDString = AF54AC9B28E88D87005275D4;
			remoteInfo = "assignment5-attraction-UITableView";
		};
/* End PBXContainerItemProxy section */

/* Begin PBXFileReference section */
		AF54AC9C28E88D87005275D4 /* assignment5-attraction-UITableView.app */ = {isa = PBXFileReference; explicitFileType = wrapper.application; includeInIndex = 0; path = "assignment5-attraction-UITableView.app"; sourceTree = BUILT_PRODUCTS_DIR; };
		AF54AC9F28E88D87005275D4 /* AppDelegate.swift */ = {isa = PBXFileReference; lastKnownFileType = sourcecode.swift; path = AppDelegate.swift; sourceTree = "<group>"; };
		AF54ACA128E88D87005275D4 /* SceneDelegate.swift */ = {isa = PBXFileReference; lastKnownFileType = sourcecode.swift; path = SceneDelegate.swift; sourceTree = "<group>"; };
		AF54ACA328E88D87005275D4 /* ViewController.swift */ = {isa = PBXFileReference; lastKnownFileType = sourcecode.swift; path = ViewController.swift; sourceTree = "<group>"; };
		AF54ACA628E88D87005275D4 /* Base */ = {isa = PBXFileReference; lastKnownFileType = file.storyboard; name = Base; path = Base.lproj/Main.storyboard; sourceTree = "<group>"; };
		AF54ACA828E88D88005275D4 /* Assets.xcassets */ = {isa = PBXFileReference; lastKnownFileType = folder.assetcatalog; path = Assets.xcassets; sourceTree = "<group>"; };
		AF54ACAB28E88D88005275D4 /* Base */ = {isa = PBXFileReference; lastKnownFileType = file.storyboard; name = Base; path = Base.lproj/LaunchScreen.storyboard; sourceTree = "<group>"; };
		AF54ACAD28E88D88005275D4 /* Info.plist */ = {isa = PBXFileReference; lastKnownFileType = text.plist.xml; path = Info.plist; sourceTree = "<group>"; };
		AF54ACB228E88D88005275D4 /* assignment5-attraction-UITableViewTests.xctest */ = {isa = PBXFileReference; explicitFileType = wrapper.cfbundle; includeInIndex = 0; path = "assignment5-attraction-UITableViewTests.xctest"; sourceTree = BUILT_PRODUCTS_DIR; };
		AF54ACB628E88D88005275D4 /* assignment5_attraction_UITableViewTests.swift */ = {isa = PBXFileReference; lastKnownFileType = sourcecode.swift; path = assignment5_attraction_UITableViewTests.swift; sourceTree = "<group>"; };
		AF54ACBC28E88D88005275D4 /* assignment5-attraction-UITableViewUITests.xctest */ = {isa = PBXFileReference; explicitFileType = wrapper.cfbundle; includeInIndex = 0; path = "assignment5-attraction-UITableViewUITests.xctest"; sourceTree = BUILT_PRODUCTS_DIR; };
		AF54ACC028E88D88005275D4 /* assignment5_attraction_UITableViewUITests.swift */ = {isa = PBXFileReference; lastKnownFileType = sourcecode.swift; path = assignment5_attraction_UITableViewUITests.swift; sourceTree = "<group>"; };
		AF54ACC228E88D88005275D4 /* assignment5_attraction_UITableViewUITestsLaunchTests.swift */ = {isa = PBXFileReference; lastKnownFileType = sourcecode.swift; path = assignment5_attraction_UITableViewUITestsLaunchTests.swift; sourceTree = "<group>"; };
/* End PBXFileReference section */

/* Begin PBXFrameworksBuildPhase section */
		AF54AC9928E88D87005275D4 /* Frameworks */ = {
			isa = PBXFrameworksBuildPhase;
			buildActionMask = 2147483647;
			files = (
			);
			runOnlyForDeploymentPostprocessing = 0;
		};
		AF54ACAF28E88D88005275D4 /* Frameworks */ = {
			isa = PBXFrameworksBuildPhase;
			buildActionMask = 2147483647;
			files = (
			);
			runOnlyForDeploymentPostprocessing = 0;
		};
		AF54ACB928E88D88005275D4 /* Frameworks */ = {
			isa = PBXFrameworksBuildPhase;
			buildActionMask = 2147483647;
			files = (
			);
			runOnlyForDeploymentPostprocessing = 0;
		};
/* End PBXFrameworksBuildPhase section */

/* Begin PBXGroup section */
		AF54AC9328E88D87005275D4 = {
			isa = PBXGroup;
			children = (
				AF54AC9E28E88D87005275D4 /* assignment5-attraction-UITableView */,
				AF54ACB528E88D88005275D4 /* assignment5-attraction-UITableViewTests */,
				AF54ACBF28E88D88005275D4 /* assignment5-attraction-UITableViewUITests */,
				AF54AC9D28E88D87005275D4 /* Products */,
			);
			sourceTree = "<group>";
		};
		AF54AC9D28E88D87005275D4 /* Products */ = {
			isa = PBXGroup;
			children = (
				AF54AC9C28E88D87005275D4 /* assignment5-attraction-UITableView.app */,
				AF54ACB228E88D88005275D4 /* assignment5-attraction-UITableViewTests.xctest */,
				AF54ACBC28E88D88005275D4 /* assignment5-attraction-UITableViewUITests.xctest */,
			);
			name = Products;
			sourceTree = "<group>";
		};
		AF54AC9E28E88D87005275D4 /* assignment5-attraction-UITableView */ = {
			isa = PBXGroup;
			children = (
				AF54AC9F28E88D87005275D4 /* AppDelegate.swift */,
				AF54ACA128E88D87005275D4 /* SceneDelegate.swift */,
				AF54ACA328E88D87005275D4 /* ViewController.swift */,
				AF54ACA528E88D87005275D4 /* Main.storyboard */,
				AF54ACA828E88D88005275D4 /* Assets.xcassets */,
				AF54ACAA28E88D88005275D4 /* LaunchScreen.storyboard */,
				AF54ACAD28E88D88005275D4 /* Info.plist */,
			);
			path = "assignment5-attraction-UITableView";
			sourceTree = "<group>";
		};
		AF54ACB528E88D88005275D4 /* assignment5-attraction-UITableViewTests */ = {
			isa = PBXGroup;
			children = (
				AF54ACB628E88D88005275D4 /* assignment5_attraction_UITableViewTests.swift */,
			);
			path = "assignment5-attraction-UITableViewTests";
			sourceTree = "<group>";
		};
		AF54ACBF28E88D88005275D4 /* assignment5-attraction-UITableViewUITests */ = {
			isa = PBXGroup;
			children = (
				AF54ACC028E88D88005275D4 /* assignment5_attraction_UITableViewUITests.swift */,
				AF54ACC228E88D88005275D4 /* assignment5_attraction_UITableViewUITestsLaunchTests.swift */,
			);
			path = "assignment5-attraction-UITableViewUITests";
			sourceTree = "<group>";
		};
/* End PBXGroup section */

/* Begin PBXNativeTarget section */
		AF54AC9B28E88D87005275D4 /* assignment5-attraction-UITableView */ = {
			isa = PBXNativeTarget;
			buildConfigurationList = AF54ACC628E88D88005275D4 /* Build configuration list for PBXNativeTarget "assignment5-attraction-UITableView" */;
			buildPhases = (
				AF54AC9828E88D87005275D4 /* Sources */,
				AF54AC9928E88D87005275D4 /* Frameworks */,
				AF54AC9A28E88D87005275D4 /* Resources */,
			);
			buildRules = (
			);
			dependencies = (
			);
			name = "assignment5-attraction-UITableView";
			productName = "assignment5-attraction-UITableView";
			productReference = AF54AC9C28E88D87005275D4 /* assignment5-attraction-UITableView.app */;
			productType = "com.apple.product-type.application";
		};
		AF54ACB128E88D88005275D4 /* assignment5-attraction-UITableViewTests */ = {
			isa = PBXNativeTarget;
			buildConfigurationList = AF54ACC928E88D88005275D4 /* Build configuration list for PBXNativeTarget "assignment5-attraction-UITableViewTests" */;
			buildPhases = (
				AF54ACAE28E88D88005275D4 /* Sources */,
				AF54ACAF28E88D88005275D4 /* Frameworks */,
				AF54ACB028E88D88005275D4 /* Resources */,
			);
			buildRules = (
			);
			dependencies = (
				AF54ACB428E88D88005275D4 /* PBXTargetDependency */,
			);
			name = "assignment5-attraction-UITableViewTests";
			productName = "assignment5-attraction-UITableViewTests";
			productReference = AF54ACB228E88D88005275D4 /* assignment5-attraction-UITableViewTests.xctest */;
			productType = "com.apple.product-type.bundle.unit-test";
		};
		AF54ACBB28E88D88005275D4 /* assignment5-attraction-UITableViewUITests */ = {
			isa = PBXNativeTarget;
			buildConfigurationList = AF54ACCC28E88D88005275D4 /* Build configuration list for PBXNativeTarget "assignment5-attraction-UITableViewUITests" */;
			buildPhases = (
				AF54ACB828E88D88005275D4 /* Sources */,
				AF54ACB928E88D88005275D4 /* Frameworks */,
				AF54ACBA28E88D88005275D4 /* Resources */,
			);
			buildRules = (
			);
			dependencies = (
				AF54ACBE28E88D88005275D4 /* PBXTargetDependency */,
			);
			name = "assignment5-attraction-UITableViewUITests";
			productName = "assignment5-attraction-UITableViewUITests";
			productReference = AF54ACBC28E88D88005275D4 /* assignment5-attraction-UITableViewUITests.xctest */;
			productType = "com.apple.product-type.bundle.ui-testing";
		};
/* End PBXNativeTarget section */

/* Begin PBXProject section */
		AF54AC9428E88D87005275D4 /* Project object */ = {
			isa = PBXProject;
			attributes = {
				BuildIndependentTargetsInParallel = 1;
				LastSwiftUpdateCheck = 1400;
				LastUpgradeCheck = 1400;
				TargetAttributes = {
					AF54AC9B28E88D87005275D4 = {
						CreatedOnToolsVersion = 14.0.1;
					};
					AF54ACB128E88D88005275D4 = {
						CreatedOnToolsVersion = 14.0.1;
						TestTargetID = AF54AC9B28E88D87005275D4;
					};
					AF54ACBB28E88D88005275D4 = {
						CreatedOnToolsVersion = 14.0.1;
						TestTargetID = AF54AC9B28E88D87005275D4;
					};
				};
			};
			buildConfigurationList = AF54AC9728E88D87005275D4 /* Build configuration list for PBXProject "assignment5-attraction-UITableView" */;
			compatibilityVersion = "Xcode 14.0";
			developmentRegion = en;
			hasScannedForEncodings = 0;
			knownRegions = (
				en,
				Base,
			);
			mainGroup = AF54AC9328E88D87005275D4;
			productRefGroup = AF54AC9D28E88D87005275D4 /* Products */;
			projectDirPath = "";
			projectRoot = "";
			targets = (
				AF54AC9B28E88D87005275D4 /* assignment5-attraction-UITableView */,
				AF54ACB128E88D88005275D4 /* assignment5-attraction-UITableViewTests */,
				AF54ACBB28E88D88005275D4 /* assignment5-attraction-UITableViewUITests */,
			);
		};
/* End PBXProject section */

/* Begin PBXResourcesBuildPhase section */
		AF54AC9A28E88D87005275D4 /* Resources */ = {
			isa = PBXResourcesBuildPhase;
			buildActionMask = 2147483647;
			files = (
				AF54ACAC28E88D88005275D4 /* LaunchScreen.storyboard in Resources */,
				AF54ACA928E88D88005275D4 /* Assets.xcassets in Resources */,
				AF54ACA728E88D87005275D4 /* Main.storyboard in Resources */,
			);
			runOnlyForDeploymentPostprocessing = 0;
		};
		AF54ACB028E88D88005275D4 /* Resources */ = {
			isa = PBXResourcesBuildPhase;
			buildActionMask = 2147483647;
			files = (
			);
			runOnlyForDeploymentPostprocessing = 0;
		};
		AF54ACBA28E88D88005275D4 /* Resources */ = {
			isa = PBXResourcesBuildPhase;
			buildActionMask = 2147483647;
			files = (
			);
			runOnlyForDeploymentPostprocessing = 0;
		};
/* End PBXResourcesBuildPhase section */

/* Begin PBXSourcesBuildPhase section */
		AF54AC9828E88D87005275D4 /* Sources */ = {
			isa = PBXSourcesBuildPhase;
			buildActionMask = 2147483647;
			files = (
				AF54ACA428E88D87005275D4 /* ViewController.swift in Sources */,
				AF54ACA028E88D87005275D4 /* AppDelegate.swift in Sources */,
				AF54ACA228E88D87005275D4 /* SceneDelegate.swift in Sources */,
			);
			runOnlyForDeploymentPostprocessing = 0;
		};
		AF54ACAE28E88D88005275D4 /* Sources */ = {
			isa = PBXSourcesBuildPhase;
			buildActionMask = 2147483647;
			files = (
				AF54ACB728E88D88005275D4 /* assignment5_attraction_UITableViewTests.swift in Sources */,
			);
			runOnlyForDeploymentPostprocessing = 0;
		};
		AF54ACB828E88D88005275D4 /* Sources */ = {
			isa = PBXSourcesBuildPhase;
			buildActionMask = 2147483647;
			files = (
				AF54ACC328E88D88005275D4 /* assignment5_attraction_UITableViewUITestsLaunchTests.swift in Sources */,
				AF54ACC128E88D88005275D4 /* assignment5_attraction_UITableViewUITests.swift in Sources */,
			);
			runOnlyForDeploymentPostprocessing = 0;
		};
/* End PBXSourcesBuildPhase section */

/* Begin PBXTargetDependency section */
		AF54ACB428E88D88005275D4 /* PBXTargetDependency */ = {
			isa = PBXTargetDependency;
			target = AF54AC9B28E88D87005275D4 /* assignment5-attraction-UITableView */;
			targetProxy = AF54ACB328E88D88005275D4 /* PBXContainerItemProxy */;
		};
		AF54ACBE28E88D88005275D4 /* PBXTargetDependency */ = {
			isa = PBXTargetDependency;
			target = AF54AC9B28E88D87005275D4 /* assignment5-attraction-UITableView */;
			targetProxy = AF54ACBD28E88D88005275D4 /* PBXContainerItemProxy */;
		};
/* End PBXTargetDependency section */

/* Begin PBXVariantGroup section */
		AF54ACA528E88D87005275D4 /* Main.storyboard */ = {
			isa = PBXVariantGroup;
			children = (
				AF54ACA628E88D87005275D4 /* Base */,
			);
			name = Main.storyboard;
			sourceTree = "<group>";
		};
		AF54ACAA28E88D88005275D4 /* LaunchScreen.storyboard */ = {
			isa = PBXVariantGroup;
			children = (
				AF54ACAB28E88D88005275D4 /* Base */,
			);
			name = LaunchScreen.storyboard;
			sourceTree = "<group>";
		};
/* End PBXVariantGroup section */

/* Begin XCBuildConfiguration section */
		AF54ACC428E88D88005275D4 /* Debug */ = {
			isa = XCBuildConfiguration;
			buildSettings = {
				ALWAYS_SEARCH_USER_PATHS = NO;
				CLANG_ANALYZER_NONNULL = YES;
				CLANG_ANALYZER_NUMBER_OBJECT_CONVERSION = YES_AGGRESSIVE;
				CLANG_CXX_LANGUAGE_STANDARD = "gnu++20";
				CLANG_ENABLE_MODULES = YES;
				CLANG_ENABLE_OBJC_ARC = YES;
				CLANG_ENABLE_OBJC_WEAK = YES;
				CLANG_WARN_BLOCK_CAPTURE_AUTORELEASING = YES;
				CLANG_WARN_BOOL_CONVERSION = YES;
				CLANG_WARN_COMMA = YES;
				CLANG_WARN_CONSTANT_CONVERSION = YES;
				CLANG_WARN_DEPRECATED_OBJC_IMPLEMENTATIONS = YES;
				CLANG_WARN_DIRECT_OBJC_ISA_USAGE = YES_ERROR;
				CLANG_WARN_DOCUMENTATION_COMMENTS = YES;
				CLANG_WARN_EMPTY_BODY = YES;
				CLANG_WARN_ENUM_CONVERSION = YES;
				CLANG_WARN_INFINITE_RECURSION = YES;
				CLANG_WARN_INT_CONVERSION = YES;
				CLANG_WARN_NON_LITERAL_NULL_CONVERSION = YES;
				CLANG_WARN_OBJC_IMPLICIT_RETAIN_SELF = YES;
				CLANG_WARN_OBJC_LITERAL_CONVERSION = YES;
				CLANG_WARN_OBJC_ROOT_CLASS = YES_ERROR;
				CLANG_WARN_QUOTED_INCLUDE_IN_FRAMEWORK_HEADER = YES;
				CLANG_WARN_RANGE_LOOP_ANALYSIS = YES;
				CLANG_WARN_STRICT_PROTOTYPES = YES;
				CLANG_WARN_SUSPICIOUS_MOVE = YES;
				CLANG_WARN_UNGUARDED_AVAILABILITY = YES_AGGRESSIVE;
				CLANG_WARN_UNREACHABLE_CODE = YES;
				CLANG_WARN__DUPLICATE_METHOD_MATCH = YES;
				COPY_PHASE_STRIP = NO;
				DEBUG_INFORMATION_FORMAT = dwarf;
				ENABLE_STRICT_OBJC_MSGSEND = YES;
				ENABLE_TESTABILITY = YES;
				GCC_C_LANGUAGE_STANDARD = gnu11;
				GCC_DYNAMIC_NO_PIC = NO;
				GCC_NO_COMMON_BLOCKS = YES;
				GCC_OPTIMIZATION_LEVEL = 0;
				GCC_PREPROCESSOR_DEFINITIONS = (
					"DEBUG=1",
					"$(inherited)",
				);
				GCC_WARN_64_TO_32_BIT_CONVERSION = YES;
				GCC_WARN_ABOUT_RETURN_TYPE = YES_ERROR;
				GCC_WARN_UNDECLARED_SELECTOR = YES;
				GCC_WARN_UNINITIALIZED_AUTOS = YES_AGGRESSIVE;
				GCC_WARN_UNUSED_FUNCTION = YES;
				GCC_WARN_UNUSED_VARIABLE = YES;
				IPHONEOS_DEPLOYMENT_TARGET = 16.0;
				MTL_ENABLE_DEBUG_INFO = INCLUDE_SOURCE;
				MTL_FAST_MATH = YES;
				ONLY_ACTIVE_ARCH = YES;
				SDKROOT = iphoneos;
				SWIFT_ACTIVE_COMPILATION_CONDITIONS = DEBUG;
				SWIFT_OPTIMIZATION_LEVEL = "-Onone";
			};
			name = Debug;
		};
		AF54ACC528E88D88005275D4 /* Release */ = {
			isa = XCBuildConfiguration;
			buildSettings = {
				ALWAYS_SEARCH_USER_PATHS = NO;
				CLANG_ANALYZER_NONNULL = YES;
				CLANG_ANALYZER_NUMBER_OBJECT_CONVERSION = YES_AGGRESSIVE;
				CLANG_CXX_LANGUAGE_STANDARD = "gnu++20";
				CLANG_ENABLE_MODULES = YES;
				CLANG_ENABLE_OBJC_ARC = YES;
				CLANG_ENABLE_OBJC_WEAK = YES;
				CLANG_WARN_BLOCK_CAPTURE_AUTORELEASING = YES;
				CLANG_WARN_BOOL_CONVERSION = YES;
				CLANG_WARN_COMMA = YES;
				CLANG_WARN_CONSTANT_CONVERSION = YES;
				CLANG_WARN_DEPRECATED_OBJC_IMPLEMENTATIONS = YES;
				CLANG_WARN_DIRECT_OBJC_ISA_USAGE = YES_ERROR;
				CLANG_WARN_DOCUMENTATION_COMMENTS = YES;
				CLANG_WARN_EMPTY_BODY = YES;
				CLANG_WARN_ENUM_CONVERSION = YES;
				CLANG_WARN_INFINITE_RECURSION = YES;
				CLANG_WARN_INT_CONVERSION = YES;
				CLANG_WARN_NON_LITERAL_NULL_CONVERSION = YES;
				CLANG_WARN_OBJC_IMPLICIT_RETAIN_SELF = YES;
				CLANG_WARN_OBJC_LITERAL_CONVERSION = YES;
				CLANG_WARN_OBJC_ROOT_CLASS = YES_ERROR;
				CLANG_WARN_QUOTED_INCLUDE_IN_FRAMEWORK_HEADER = YES;
				CLANG_WARN_RANGE_LOOP_ANALYSIS = YES;
				CLANG_WARN_STRICT_PROTOTYPES = YES;
				CLANG_WARN_SUSPICIOUS_MOVE = YES;
				CLANG_WARN_UNGUARDED_AVAILABILITY = YES_AGGRESSIVE;
				CLANG_WARN_UNREACHABLE_CODE = YES;
				CLANG_WARN__DUPLICATE_METHOD_MATCH = YES;
				COPY_PHASE_STRIP = NO;
				DEBUG_INFORMATION_FORMAT = "dwarf-with-dsym";
				ENABLE_NS_ASSERTIONS = NO;
				ENABLE_STRICT_OBJC_MSGSEND = YES;
				GCC_C_LANGUAGE_STANDARD = gnu11;
				GCC_NO_COMMON_BLOCKS = YES;
				GCC_WARN_64_TO_32_BIT_CONVERSION = YES;
				GCC_WARN_ABOUT_RETURN_TYPE = YES_ERROR;
				GCC_WARN_UNDECLARED_SELECTOR = YES;
				GCC_WARN_UNINITIALIZED_AUTOS = YES_AGGRESSIVE;
				GCC_WARN_UNUSED_FUNCTION = YES;
				GCC_WARN_UNUSED_VARIABLE = YES;
				IPHONEOS_DEPLOYMENT_TARGET = 16.0;
				MTL_ENABLE_DEBUG_INFO = NO;
				MTL_FAST_MATH = YES;
				SDKROOT = iphoneos;
				SWIFT_COMPILATION_MODE = wholemodule;
				SWIFT_OPTIMIZATION_LEVEL = "-O";
				VALIDATE_PRODUCT = YES;
			};
			name = Release;
		};
		AF54ACC728E88D88005275D4 /* Debug */ = {
			isa = XCBuildConfiguration;
			buildSettings = {
				ASSETCATALOG_COMPILER_APPICON_NAME = AppIcon;
				ASSETCATALOG_COMPILER_GLOBAL_ACCENT_COLOR_NAME = AccentColor;
				CODE_SIGN_STYLE = Automatic;
				CURRENT_PROJECT_VERSION = 1;
				DEVELOPMENT_TEAM = WMQSD4MT85;
				GENERATE_INFOPLIST_FILE = YES;
				INFOPLIST_FILE = "assignment5-attraction-UITableView/Info.plist";
				INFOPLIST_KEY_UIApplicationSupportsIndirectInputEvents = YES;
				INFOPLIST_KEY_UILaunchStoryboardName = LaunchScreen;
				INFOPLIST_KEY_UIMainStoryboardFile = Main;
				INFOPLIST_KEY_UISupportedInterfaceOrientations_iPad = "UIInterfaceOrientationPortrait UIInterfaceOrientationPortraitUpsideDown UIInterfaceOrientationLandscapeLeft UIInterfaceOrientationLandscapeRight";
				INFOPLIST_KEY_UISupportedInterfaceOrientations_iPhone = "UIInterfaceOrientationPortrait UIInterfaceOrientationLandscapeLeft UIInterfaceOrientationLandscapeRight";
				LD_RUNPATH_SEARCH_PATHS = (
					"$(inherited)",
					"@executable_path/Frameworks",
				);
				MARKETING_VERSION = 1.0;
				PRODUCT_BUNDLE_IDENTIFIER = "parinyapt.assignment5-attraction-UITableView";
				PRODUCT_NAME = "$(TARGET_NAME)";
				SWIFT_EMIT_LOC_STRINGS = YES;
				SWIFT_VERSION = 5.0;
				TARGETED_DEVICE_FAMILY = "1,2";
			};
			name = Debug;
		};
		AF54ACC828E88D88005275D4 /* Release */ = {
			isa = XCBuildConfiguration;
			buildSettings = {
				ASSETCATALOG_COMPILER_APPICON_NAME = AppIcon;
				ASSETCATALOG_COMPILER_GLOBAL_ACCENT_COLOR_NAME = AccentColor;
				CODE_SIGN_STYLE = Automatic;
				CURRENT_PROJECT_VERSION = 1;
				DEVELOPMENT_TEAM = WMQSD4MT85;
				GENERATE_INFOPLIST_FILE = YES;
				INFOPLIST_FILE = "assignment5-attraction-UITableView/Info.plist";
				INFOPLIST_KEY_UIApplicationSupportsIndirectInputEvents = YES;
				INFOPLIST_KEY_UILaunchStoryboardName = LaunchScreen;
				INFOPLIST_KEY_UIMainStoryboardFile = Main;
				INFOPLIST_KEY_UISupportedInterfaceOrientations_iPad = "UIInterfaceOrientationPortrait UIInterfaceOrientationPortraitUpsideDown UIInterfaceOrientationLandscapeLeft UIInterfaceOrientationLandscapeRight";
				INFOPLIST_KEY_UISupportedInterfaceOrientations_iPhone = "UIInterfaceOrientationPortrait UIInterfaceOrientationLandscapeLeft UIInterfaceOrientationLandscapeRight";
				LD_RUNPATH_SEARCH_PATHS = (
					"$(inherited)",
					"@executable_path/Frameworks",
				);
				MARKETING_VERSION = 1.0;
				PRODUCT_BUNDLE_IDENTIFIER = "parinyapt.assignment5-attraction-UITableView";
				PRODUCT_NAME = "$(TARGET_NAME)";
				SWIFT_EMIT_LOC_STRINGS = YES;
				SWIFT_VERSION = 5.0;
				TARGETED_DEVICE_FAMILY = "1,2";
			};
			name = Release;
		};
		AF54ACCA28E88D88005275D4 /* Debug */ = {
			isa = XCBuildConfiguration;
			buildSettings = {
				ALWAYS_EMBED_SWIFT_STANDARD_LIBRARIES = YES;
				BUNDLE_LOADER = "$(TEST_HOST)";
				CODE_SIGN_STYLE = Automatic;
				CURRENT_PROJECT_VERSION = 1;
				DEVELOPMENT_TEAM = WMQSD4MT85;
				GENERATE_INFOPLIST_FILE = YES;
				IPHONEOS_DEPLOYMENT_TARGET = 16.0;
				MARKETING_VERSION = 1.0;
				PRODUCT_BUNDLE_IDENTIFIER = "parinyapt.assignment5-attraction-UITableViewTests";
				PRODUCT_NAME = "$(TARGET_NAME)";
				SWIFT_EMIT_LOC_STRINGS = NO;
				SWIFT_VERSION = 5.0;
				TARGETED_DEVICE_FAMILY = "1,2";
				TEST_HOST = "$(BUILT_PRODUCTS_DIR)/assignment5-attraction-UITableView.app/$(BUNDLE_EXECUTABLE_FOLDER_PATH)/assignment5-attraction-UITableView";
			};
			name = Debug;
		};
		AF54ACCB28E88D88005275D4 /* Release */ = {
			isa = XCBuildConfiguration;
			buildSettings = {
				ALWAYS_EMBED_SWIFT_STANDARD_LIBRARIES = YES;
				BUNDLE_LOADER = "$(TEST_HOST)";
				CODE_SIGN_STYLE = Automatic;
				CURRENT_PROJECT_VERSION = 1;
				DEVELOPMENT_TEAM = WMQSD4MT85;
				GENERATE_INFOPLIST_FILE = YES;
				IPHONEOS_DEPLOYMENT_TARGET = 16.0;
				MARKETING_VERSION = 1.0;
				PRODUCT_BUNDLE_IDENTIFIER = "parinyapt.assignment5-attraction-UITableViewTests";
				PRODUCT_NAME = "$(TARGET_NAME)";
				SWIFT_EMIT_LOC_STRINGS = NO;
				SWIFT_VERSION = 5.0;
				TARGETED_DEVICE_FAMILY = "1,2";
				TEST_HOST = "$(BUILT_PRODUCTS_DIR)/assignment5-attraction-UITableView.app/$(BUNDLE_EXECUTABLE_FOLDER_PATH)/assignment5-attraction-UITableView";
			};
			name = Release;
		};
		AF54ACCD28E88D88005275D4 /* Debug */ = {
			isa = XCBuildConfiguration;
			buildSettings = {
				ALWAYS_EMBED_SWIFT_STANDARD_LIBRARIES = YES;
				CODE_SIGN_STYLE = Automatic;
				CURRENT_PROJECT_VERSION = 1;
				DEVELOPMENT_TEAM = WMQSD4MT85;
				GENERATE_INFOPLIST_FILE = YES;
				MARKETING_VERSION = 1.0;
				PRODUCT_BUNDLE_IDENTIFIER = "parinyapt.assignment5-attraction-UITableViewUITests";
				PRODUCT_NAME = "$(TARGET_NAME)";
				SWIFT_EMIT_LOC_STRINGS = NO;
				SWIFT_VERSION = 5.0;
				TARGETED_DEVICE_FAMILY = "1,2";
				TEST_TARGET_NAME = "assignment5-attraction-UITableView";
			};
			name = Debug;
		};
		AF54ACCE28E88D88005275D4 /* Release */ = {
			isa = XCBuildConfiguration;
			buildSettings = {
				ALWAYS_EMBED_SWIFT_STANDARD_LIBRARIES = YES;
				CODE_SIGN_STYLE = Automatic;
				CURRENT_PROJECT_VERSION = 1;
				DEVELOPMENT_TEAM = WMQSD4MT85;
				GENERATE_INFOPLIST_FILE = YES;
				MARKETING_VERSION = 1.0;
				PRODUCT_BUNDLE_IDENTIFIER = "parinyapt.assignment5-attraction-UITableViewUITests";
				PRODUCT_NAME = "$(TARGET_NAME)";
				SWIFT_EMIT_LOC_STRINGS = NO;
				SWIFT_VERSION = 5.0;
				TARGETED_DEVICE_FAMILY = "1,2";
				TEST_TARGET_NAME = "assignment5-attraction-UITableView";
			};
			name = Release;
		};
/* End XCBuildConfiguration section */

/* Begin XCConfigurationList section */
		AF54AC9728E88D87005275D4 /* Build configuration list for PBXProject "assignment5-attraction-UITableView" */ = {
			isa = XCConfigurationList;
			buildConfigurations = (
				AF54ACC428E88D88005275D4 /* Debug */,
				AF54ACC528E88D88005275D4 /* Release */,
			);
			defaultConfigurationIsVisible = 0;
			defaultConfigurationName = Release;
		};
		AF54ACC628E88D88005275D4 /* Build configuration list for PBXNativeTarget "assignment5-attraction-UITableView" */ = {
			isa = XCConfigurationList;
			buildConfigurations = (
				AF54ACC728E88D88005275D4 /* Debug */,
				AF54ACC828E88D88005275D4 /* Release */,
			);
			defaultConfigurationIsVisible = 0;
			defaultConfigurationName = Release;
		};
		AF54ACC928E88D88005275D4 /* Build configuration list for PBXNativeTarget "assignment5-attraction-UITableViewTests" */ = {
			isa = XCConfigurationList;
			buildConfigurations = (
				AF54ACCA28E88D88005275D4 /* Debug */,
				AF54ACCB28E88D88005275D4 /* Release */,
			);
			defaultConfigurationIsVisible = 0;
			defaultConfigurationName = Release;
		};
		AF54ACCC28E88D88005275D4 /* Build configuration list for PBXNativeTarget "assignment5-attraction-UITableViewUITests" */ = {
			isa = XCConfigurationList;
			buildConfigurations = (
				AF54ACCD28E88D88005275D4 /* Debug */,
				AF54ACCE28E88D88005275D4 /* Release */,
			);
			defaultConfigurationIsVisible = 0;
			defaultConfigurationName = Release;
		};
/* End XCConfigurationList section */
	};
	rootObject = AF54AC9428E88D87005275D4 /* Project object */;
}
